// !$*UTF8*$!
{
	archiveVersion = 1;
	classes = {
	};
	objectVersion = 51;
	objects = {

/* Begin PBXBuildFile section */
		2F4F9F82C1E729C382CD87A2 /* Pods_SharePayTests.framework in Frameworks */ = {isa = PBXBuildFile; fileRef = 2CFD1C6D13F9352B364A6073 /* Pods_SharePayTests.framework */; };
		48603443647FE702A37C88E9 /* Pods_SharePay.framework in Frameworks */ = {isa = PBXBuildFile; fileRef = 49184CE1518DC0A7A9E39167 /* Pods_SharePay.framework */; };
		7DFE657063A9DF38C8B9D07E /* Pods_SharePay_SharePayUITests.framework in Frameworks */ = {isa = PBXBuildFile; fileRef = D243591BC920726FB2821956 /* Pods_SharePay_SharePayUITests.framework */; };
		8B5A5EB92635BA4E00E62180 /* BaseViewController.swift in Sources */ = {isa = PBXBuildFile; fileRef = 8B5A5EB82635BA4E00E62180 /* BaseViewController.swift */; };
		8B5A5EDC2635BD5000E62180 /* PromptPayQRCodeViewController.swift in Sources */ = {isa = PBXBuildFile; fileRef = 8B5A5EDB2635BD5000E62180 /* PromptPayQRCodeViewController.swift */; };
		8B5A5EE12635C01600E62180 /* UIViewController.swift in Sources */ = {isa = PBXBuildFile; fileRef = 8B5A5EE02635C01600E62180 /* UIViewController.swift */; };
		8B5A5EE62635C04E00E62180 /* Storyboard.swift in Sources */ = {isa = PBXBuildFile; fileRef = 8B5A5EE52635C04E00E62180 /* Storyboard.swift */; };
		8B5A5EF72635C0D700E62180 /* UIView.swift in Sources */ = {isa = PBXBuildFile; fileRef = 8B5A5EF62635C0D700E62180 /* UIView.swift */; };
		8B5A5EFF2635C25500E62180 /* UIImageView.swift in Sources */ = {isa = PBXBuildFile; fileRef = 8B5A5EFE2635C25500E62180 /* UIImageView.swift */; };
		8B5A5F042635C29C00E62180 /* String.swift in Sources */ = {isa = PBXBuildFile; fileRef = 8B5A5F032635C29C00E62180 /* String.swift */; };
		8B93B772263FA66200206FF9 /* UserDataManager.swift in Sources */ = {isa = PBXBuildFile; fileRef = 8B93B771263FA66200206FF9 /* UserDataManager.swift */; };
		8B93B774263FC58500206FF9 /* UIAlertController.swift in Sources */ = {isa = PBXBuildFile; fileRef = 8B93B773263FC58500206FF9 /* UIAlertController.swift */; };
		8B93B776263FDF0D00206FF9 /* Array.swift in Sources */ = {isa = PBXBuildFile; fileRef = 8B93B775263FDF0D00206FF9 /* Array.swift */; };
		8B93B778263FF3BC00206FF9 /* PaidItem.swift in Sources */ = {isa = PBXBuildFile; fileRef = 8B93B777263FF3BC00206FF9 /* PaidItem.swift */; };
		8B93B77A263FF5F100206FF9 /* PersonDetail.swift in Sources */ = {isa = PBXBuildFile; fileRef = 8B93B779263FF5F100206FF9 /* PersonDetail.swift */; };
		8B93B77C263FF6E400206FF9 /* AddPaidItemViewController.swift in Sources */ = {isa = PBXBuildFile; fileRef = 8B93B77B263FF6E400206FF9 /* AddPaidItemViewController.swift */; };
		8BA834C0263F022C0005AEC0 /* Person.swift in Sources */ = {isa = PBXBuildFile; fileRef = 8BA834BF263F022C0005AEC0 /* Person.swift */; };
		8BA834C2263F04A40005AEC0 /* SessionManager.swift in Sources */ = {isa = PBXBuildFile; fileRef = 8BA834C1263F04A40005AEC0 /* SessionManager.swift */; };
		8BA834C4263F06130005AEC0 /* Keys.swift in Sources */ = {isa = PBXBuildFile; fileRef = 8BA834C3263F06130005AEC0 /* Keys.swift */; };
		8BA834C6263F07BA0005AEC0 /* PersonsListViewController.swift in Sources */ = {isa = PBXBuildFile; fileRef = 8BA834C5263F07BA0005AEC0 /* PersonsListViewController.swift */; };
		8BA834CD263F0ADF0005AEC0 /* PersonsListTableViewCell.swift in Sources */ = {isa = PBXBuildFile; fileRef = 8BA834CB263F0ADF0005AEC0 /* PersonsListTableViewCell.swift */; };
		8BA834CE263F0ADF0005AEC0 /* PersonsListTableViewCell.xib in Resources */ = {isa = PBXBuildFile; fileRef = 8BA834CC263F0ADF0005AEC0 /* PersonsListTableViewCell.xib */; };
		8BA834D1263F0BEF0005AEC0 /* UITableView.swift in Sources */ = {isa = PBXBuildFile; fileRef = 8BA834D0263F0BEF0005AEC0 /* UITableView.swift */; };
		8BE3B7612635C7A100A21497 /* PromptPay.swift in Sources */ = {isa = PBXBuildFile; fileRef = 8BE3B7602635C7A100A21497 /* PromptPay.swift */; };
		8BEC735B26401BFE0049004F /* HomeTableHeaderSectionView.swift in Sources */ = {isa = PBXBuildFile; fileRef = 8BEC735A26401BFE0049004F /* HomeTableHeaderSectionView.swift */; };
		8BEC735D26401C040049004F /* HomeTableHeaderSectionView.xib in Resources */ = {isa = PBXBuildFile; fileRef = 8BEC735C26401C040049004F /* HomeTableHeaderSectionView.xib */; };
		8BEC736026402A2C0049004F /* HomeTableHeaderView.swift in Sources */ = {isa = PBXBuildFile; fileRef = 8BEC735F26402A2C0049004F /* HomeTableHeaderView.swift */; };
		8BEC736226402A300049004F /* HomeTableHeaderView.xib in Resources */ = {isa = PBXBuildFile; fileRef = 8BEC736126402A300049004F /* HomeTableHeaderView.xib */; };
		8BEC7366264030540049004F /* PaidItemTableViewCell.swift in Sources */ = {isa = PBXBuildFile; fileRef = 8BEC7364264030540049004F /* PaidItemTableViewCell.swift */; };
		8BEC7367264030540049004F /* PaidItemTableViewCell.xib in Resources */ = {isa = PBXBuildFile; fileRef = 8BEC7365264030540049004F /* PaidItemTableViewCell.xib */; };
		A1C3338B23802DA900AF73BF /* AppDelegate.swift in Sources */ = {isa = PBXBuildFile; fileRef = A1C3338A23802DA900AF73BF /* AppDelegate.swift */; };
		A1C3338F23802DA900AF73BF /* HomeViewController.swift in Sources */ = {isa = PBXBuildFile; fileRef = A1C3338E23802DA900AF73BF /* HomeViewController.swift */; };
		A1C3339223802DA900AF73BF /* Main.storyboard in Resources */ = {isa = PBXBuildFile; fileRef = A1C3339023802DA900AF73BF /* Main.storyboard */; };
		A1C3339423802DAC00AF73BF /* Assets.xcassets in Resources */ = {isa = PBXBuildFile; fileRef = A1C3339323802DAC00AF73BF /* Assets.xcassets */; };
		A1C3339723802DAC00AF73BF /* LaunchScreen.storyboard in Resources */ = {isa = PBXBuildFile; fileRef = A1C3339523802DAC00AF73BF /* LaunchScreen.storyboard */; };
		A1C333A223802DAC00AF73BF /* SharePayTests.swift in Sources */ = {isa = PBXBuildFile; fileRef = A1C333A123802DAC00AF73BF /* SharePayTests.swift */; };
		A1C333AD23802DAC00AF73BF /* SharePayUITests.swift in Sources */ = {isa = PBXBuildFile; fileRef = A1C333AC23802DAC00AF73BF /* SharePayUITests.swift */; };
		A1C333BB238072E900AF73BF /* AddPersonViewController.swift in Sources */ = {isa = PBXBuildFile; fileRef = A1C333BA238072E900AF73BF /* AddPersonViewController.swift */; };
/* End PBXBuildFile section */

/* Begin PBXContainerItemProxy section */
		A1C3339E23802DAC00AF73BF /* PBXContainerItemProxy */ = {
			isa = PBXContainerItemProxy;
			containerPortal = A1C3337F23802DA900AF73BF /* Project object */;
			proxyType = 1;
			remoteGlobalIDString = A1C3338623802DA900AF73BF;
			remoteInfo = SharePay;
		};
		A1C333A923802DAC00AF73BF /* PBXContainerItemProxy */ = {
			isa = PBXContainerItemProxy;
			containerPortal = A1C3337F23802DA900AF73BF /* Project object */;
			proxyType = 1;
			remoteGlobalIDString = A1C3338623802DA900AF73BF;
			remoteInfo = SharePay;
		};
/* End PBXContainerItemProxy section */

/* Begin PBXFileReference section */
		1BB105F7A3779FF8A8619E9F /* Pods-SharePay.debug.xcconfig */ = {isa = PBXFileReference; includeInIndex = 1; lastKnownFileType = text.xcconfig; name = "Pods-SharePay.debug.xcconfig"; path = "Target Support Files/Pods-SharePay/Pods-SharePay.debug.xcconfig"; sourceTree = "<group>"; };
		2CFD1C6D13F9352B364A6073 /* Pods_SharePayTests.framework */ = {isa = PBXFileReference; explicitFileType = wrapper.framework; includeInIndex = 0; path = Pods_SharePayTests.framework; sourceTree = BUILT_PRODUCTS_DIR; };
		49184CE1518DC0A7A9E39167 /* Pods_SharePay.framework */ = {isa = PBXFileReference; explicitFileType = wrapper.framework; includeInIndex = 0; path = Pods_SharePay.framework; sourceTree = BUILT_PRODUCTS_DIR; };
		67BEE3D6FCF4A8B38A08023B /* Pods-SharePay-SharePayUITests.debug.xcconfig */ = {isa = PBXFileReference; includeInIndex = 1; lastKnownFileType = text.xcconfig; name = "Pods-SharePay-SharePayUITests.debug.xcconfig"; path = "Target Support Files/Pods-SharePay-SharePayUITests/Pods-SharePay-SharePayUITests.debug.xcconfig"; sourceTree = "<group>"; };
		6CCB08E123BEE38C6D2CD817 /* Pods-SharePay.release.xcconfig */ = {isa = PBXFileReference; includeInIndex = 1; lastKnownFileType = text.xcconfig; name = "Pods-SharePay.release.xcconfig"; path = "Target Support Files/Pods-SharePay/Pods-SharePay.release.xcconfig"; sourceTree = "<group>"; };
		89393F68CC1590031D7FBFFE /* Pods-SharePay-SharePayUITests.release.xcconfig */ = {isa = PBXFileReference; includeInIndex = 1; lastKnownFileType = text.xcconfig; name = "Pods-SharePay-SharePayUITests.release.xcconfig"; path = "Target Support Files/Pods-SharePay-SharePayUITests/Pods-SharePay-SharePayUITests.release.xcconfig"; sourceTree = "<group>"; };
		8B5A5EB82635BA4E00E62180 /* BaseViewController.swift */ = {isa = PBXFileReference; lastKnownFileType = sourcecode.swift; path = BaseViewController.swift; sourceTree = "<group>"; };
		8B5A5EDB2635BD5000E62180 /* PromptPayQRCodeViewController.swift */ = {isa = PBXFileReference; lastKnownFileType = sourcecode.swift; path = PromptPayQRCodeViewController.swift; sourceTree = "<group>"; };
		8B5A5EE02635C01600E62180 /* UIViewController.swift */ = {isa = PBXFileReference; lastKnownFileType = sourcecode.swift; path = UIViewController.swift; sourceTree = "<group>"; };
		8B5A5EE52635C04E00E62180 /* Storyboard.swift */ = {isa = PBXFileReference; lastKnownFileType = sourcecode.swift; path = Storyboard.swift; sourceTree = "<group>"; };
		8B5A5EF62635C0D700E62180 /* UIView.swift */ = {isa = PBXFileReference; lastKnownFileType = sourcecode.swift; path = UIView.swift; sourceTree = "<group>"; };
		8B5A5EFE2635C25500E62180 /* UIImageView.swift */ = {isa = PBXFileReference; lastKnownFileType = sourcecode.swift; path = UIImageView.swift; sourceTree = "<group>"; };
		8B5A5F032635C29C00E62180 /* String.swift */ = {isa = PBXFileReference; lastKnownFileType = sourcecode.swift; path = String.swift; sourceTree = "<group>"; };
		8B93B771263FA66200206FF9 /* UserDataManager.swift */ = {isa = PBXFileReference; lastKnownFileType = sourcecode.swift; path = UserDataManager.swift; sourceTree = "<group>"; };
		8B93B773263FC58500206FF9 /* UIAlertController.swift */ = {isa = PBXFileReference; lastKnownFileType = sourcecode.swift; path = UIAlertController.swift; sourceTree = "<group>"; };
		8B93B775263FDF0D00206FF9 /* Array.swift */ = {isa = PBXFileReference; lastKnownFileType = sourcecode.swift; path = Array.swift; sourceTree = "<group>"; };
		8B93B777263FF3BC00206FF9 /* PaidItem.swift */ = {isa = PBXFileReference; lastKnownFileType = sourcecode.swift; path = PaidItem.swift; sourceTree = "<group>"; };
		8B93B779263FF5F100206FF9 /* PersonDetail.swift */ = {isa = PBXFileReference; lastKnownFileType = sourcecode.swift; path = PersonDetail.swift; sourceTree = "<group>"; };
		8B93B77B263FF6E400206FF9 /* AddPaidItemViewController.swift */ = {isa = PBXFileReference; lastKnownFileType = sourcecode.swift; path = AddPaidItemViewController.swift; sourceTree = "<group>"; };
		8BA834BF263F022C0005AEC0 /* Person.swift */ = {isa = PBXFileReference; lastKnownFileType = sourcecode.swift; path = Person.swift; sourceTree = "<group>"; };
		8BA834C1263F04A40005AEC0 /* SessionManager.swift */ = {isa = PBXFileReference; lastKnownFileType = sourcecode.swift; path = SessionManager.swift; sourceTree = "<group>"; };
		8BA834C3263F06130005AEC0 /* Keys.swift */ = {isa = PBXFileReference; lastKnownFileType = sourcecode.swift; path = Keys.swift; sourceTree = "<group>"; };
		8BA834C5263F07BA0005AEC0 /* PersonsListViewController.swift */ = {isa = PBXFileReference; lastKnownFileType = sourcecode.swift; path = PersonsListViewController.swift; sourceTree = "<group>"; };
		8BA834CB263F0ADF0005AEC0 /* PersonsListTableViewCell.swift */ = {isa = PBXFileReference; lastKnownFileType = sourcecode.swift; path = PersonsListTableViewCell.swift; sourceTree = "<group>"; };
		8BA834CC263F0ADF0005AEC0 /* PersonsListTableViewCell.xib */ = {isa = PBXFileReference; lastKnownFileType = file.xib; path = PersonsListTableViewCell.xib; sourceTree = "<group>"; };
		8BA834D0263F0BEF0005AEC0 /* UITableView.swift */ = {isa = PBXFileReference; lastKnownFileType = sourcecode.swift; path = UITableView.swift; sourceTree = "<group>"; };
		8BE3B7602635C7A100A21497 /* PromptPay.swift */ = {isa = PBXFileReference; lastKnownFileType = sourcecode.swift; path = PromptPay.swift; sourceTree = "<group>"; };
		8BEC735A26401BFE0049004F /* HomeTableHeaderSectionView.swift */ = {isa = PBXFileReference; lastKnownFileType = sourcecode.swift; path = HomeTableHeaderSectionView.swift; sourceTree = "<group>"; };
		8BEC735C26401C040049004F /* HomeTableHeaderSectionView.xib */ = {isa = PBXFileReference; lastKnownFileType = file.xib; path = HomeTableHeaderSectionView.xib; sourceTree = "<group>"; };
		8BEC735F26402A2C0049004F /* HomeTableHeaderView.swift */ = {isa = PBXFileReference; lastKnownFileType = sourcecode.swift; path = HomeTableHeaderView.swift; sourceTree = "<group>"; };
		8BEC736126402A300049004F /* HomeTableHeaderView.xib */ = {isa = PBXFileReference; lastKnownFileType = file.xib; path = HomeTableHeaderView.xib; sourceTree = "<group>"; };
		8BEC7364264030540049004F /* PaidItemTableViewCell.swift */ = {isa = PBXFileReference; lastKnownFileType = sourcecode.swift; path = PaidItemTableViewCell.swift; sourceTree = "<group>"; };
		8BEC7365264030540049004F /* PaidItemTableViewCell.xib */ = {isa = PBXFileReference; lastKnownFileType = file.xib; path = PaidItemTableViewCell.xib; sourceTree = "<group>"; };
		8E8DECDD34D0BEC6A2E38580 /* Pods-SharePayTests.debug.xcconfig */ = {isa = PBXFileReference; includeInIndex = 1; lastKnownFileType = text.xcconfig; name = "Pods-SharePayTests.debug.xcconfig"; path = "Target Support Files/Pods-SharePayTests/Pods-SharePayTests.debug.xcconfig"; sourceTree = "<group>"; };
		A1C3338723802DA900AF73BF /* SharePay.app */ = {isa = PBXFileReference; explicitFileType = wrapper.application; includeInIndex = 0; path = SharePay.app; sourceTree = BUILT_PRODUCTS_DIR; };
		A1C3338A23802DA900AF73BF /* AppDelegate.swift */ = {isa = PBXFileReference; lastKnownFileType = sourcecode.swift; path = AppDelegate.swift; sourceTree = "<group>"; };
		A1C3338E23802DA900AF73BF /* HomeViewController.swift */ = {isa = PBXFileReference; lastKnownFileType = sourcecode.swift; path = HomeViewController.swift; sourceTree = "<group>"; };
		A1C3339123802DA900AF73BF /* Base */ = {isa = PBXFileReference; lastKnownFileType = file.storyboard; name = Base; path = Base.lproj/Main.storyboard; sourceTree = "<group>"; };
		A1C3339323802DAC00AF73BF /* Assets.xcassets */ = {isa = PBXFileReference; lastKnownFileType = folder.assetcatalog; path = Assets.xcassets; sourceTree = "<group>"; };
		A1C3339623802DAC00AF73BF /* Base */ = {isa = PBXFileReference; lastKnownFileType = file.storyboard; name = Base; path = Base.lproj/LaunchScreen.storyboard; sourceTree = "<group>"; };
		A1C3339823802DAC00AF73BF /* Info.plist */ = {isa = PBXFileReference; lastKnownFileType = text.plist.xml; path = Info.plist; sourceTree = "<group>"; };
		A1C3339D23802DAC00AF73BF /* SharePayTests.xctest */ = {isa = PBXFileReference; explicitFileType = wrapper.cfbundle; includeInIndex = 0; path = SharePayTests.xctest; sourceTree = BUILT_PRODUCTS_DIR; };
		A1C333A123802DAC00AF73BF /* SharePayTests.swift */ = {isa = PBXFileReference; lastKnownFileType = sourcecode.swift; path = SharePayTests.swift; sourceTree = "<group>"; };
		A1C333A323802DAC00AF73BF /* Info.plist */ = {isa = PBXFileReference; lastKnownFileType = text.plist.xml; path = Info.plist; sourceTree = "<group>"; };
		A1C333A823802DAC00AF73BF /* SharePayUITests.xctest */ = {isa = PBXFileReference; explicitFileType = wrapper.cfbundle; includeInIndex = 0; path = SharePayUITests.xctest; sourceTree = BUILT_PRODUCTS_DIR; };
		A1C333AC23802DAC00AF73BF /* SharePayUITests.swift */ = {isa = PBXFileReference; lastKnownFileType = sourcecode.swift; path = SharePayUITests.swift; sourceTree = "<group>"; };
		A1C333AE23802DAC00AF73BF /* Info.plist */ = {isa = PBXFileReference; lastKnownFileType = text.plist.xml; path = Info.plist; sourceTree = "<group>"; };
		A1C333BA238072E900AF73BF /* AddPersonViewController.swift */ = {isa = PBXFileReference; lastKnownFileType = sourcecode.swift; path = AddPersonViewController.swift; sourceTree = "<group>"; };
		D243591BC920726FB2821956 /* Pods_SharePay_SharePayUITests.framework */ = {isa = PBXFileReference; explicitFileType = wrapper.framework; includeInIndex = 0; path = Pods_SharePay_SharePayUITests.framework; sourceTree = BUILT_PRODUCTS_DIR; };
		DBFB35FC1AEB0E2ED4757F71 /* Pods-SharePayTests.release.xcconfig */ = {isa = PBXFileReference; includeInIndex = 1; lastKnownFileType = text.xcconfig; name = "Pods-SharePayTests.release.xcconfig"; path = "Target Support Files/Pods-SharePayTests/Pods-SharePayTests.release.xcconfig"; sourceTree = "<group>"; };
/* End PBXFileReference section */

/* Begin PBXFrameworksBuildPhase section */
		A1C3338423802DA900AF73BF /* Frameworks */ = {
			isa = PBXFrameworksBuildPhase;
			buildActionMask = 2147483647;
			files = (
				48603443647FE702A37C88E9 /* Pods_SharePay.framework in Frameworks */,
			);
			runOnlyForDeploymentPostprocessing = 0;
		};
		A1C3339A23802DAC00AF73BF /* Frameworks */ = {
			isa = PBXFrameworksBuildPhase;
			buildActionMask = 2147483647;
			files = (
				2F4F9F82C1E729C382CD87A2 /* Pods_SharePayTests.framework in Frameworks */,
			);
			runOnlyForDeploymentPostprocessing = 0;
		};
		A1C333A523802DAC00AF73BF /* Frameworks */ = {
			isa = PBXFrameworksBuildPhase;
			buildActionMask = 2147483647;
			files = (
				7DFE657063A9DF38C8B9D07E /* Pods_SharePay_SharePayUITests.framework in Frameworks */,
			);
			runOnlyForDeploymentPostprocessing = 0;
		};
/* End PBXFrameworksBuildPhase section */

/* Begin PBXGroup section */
		8B5A5EC32635BA5F00E62180 /* Storyboards */ = {
			isa = PBXGroup;
			children = (
				A1C3339023802DA900AF73BF /* Main.storyboard */,
				A1C3339523802DAC00AF73BF /* LaunchScreen.storyboard */,
			);
			path = Storyboards;
			sourceTree = "<group>";
		};
		8B5A5EEA2635C06E00E62180 /* Constants */ = {
			isa = PBXGroup;
			children = (
				8B5A5EE52635C04E00E62180 /* Storyboard.swift */,
				8BA834C3263F06130005AEC0 /* Keys.swift */,
			);
			path = Constants;
			sourceTree = "<group>";
		};
		8B5A5EEE2635C07500E62180 /* Extensions */ = {
			isa = PBXGroup;
			children = (
				8B5A5EF22635C07C00E62180 /* UIExtensions */,
				8B5A5F032635C29C00E62180 /* String.swift */,
				8B93B775263FDF0D00206FF9 /* Array.swift */,
			);
			path = Extensions;
			sourceTree = "<group>";
		};
		8B5A5EF22635C07C00E62180 /* UIExtensions */ = {
			isa = PBXGroup;
			children = (
				8B5A5EE02635C01600E62180 /* UIViewController.swift */,
				8B5A5EF62635C0D700E62180 /* UIView.swift */,
				8B5A5EFE2635C25500E62180 /* UIImageView.swift */,
				8BA834D0263F0BEF0005AEC0 /* UITableView.swift */,
				8B93B773263FC58500206FF9 /* UIAlertController.swift */,
			);
			path = UIExtensions;
			sourceTree = "<group>";
		};
		8BA834C7263F0A140005AEC0 /* Views */ = {
			isa = PBXGroup;
			children = (
				8BA834CF263F0AEC0005AEC0 /* TableViewCells */,
				8BEC735E26402A030049004F /* TableHeaderSectionViews */,
				8BEC736326402F5B0049004F /* TableHeaderViews */,
			);
			path = Views;
			sourceTree = "<group>";
		};
		8BA834C8263F0A1B0005AEC0 /* Managers */ = {
			isa = PBXGroup;
			children = (
				8BA834C1263F04A40005AEC0 /* SessionManager.swift */,
				8B93B771263FA66200206FF9 /* UserDataManager.swift */,
			);
			path = Managers;
			sourceTree = "<group>";
		};
		8BA834CF263F0AEC0005AEC0 /* TableViewCells */ = {
			isa = PBXGroup;
			children = (
				8BA834CB263F0ADF0005AEC0 /* PersonsListTableViewCell.swift */,
				8BA834CC263F0ADF0005AEC0 /* PersonsListTableViewCell.xib */,
				8BEC7364264030540049004F /* PaidItemTableViewCell.swift */,
				8BEC7365264030540049004F /* PaidItemTableViewCell.xib */,
			);
			path = TableViewCells;
			sourceTree = "<group>";
		};
		8BEC735E26402A030049004F /* TableHeaderSectionViews */ = {
			isa = PBXGroup;
			children = (
				8BEC735A26401BFE0049004F /* HomeTableHeaderSectionView.swift */,
				8BEC735C26401C040049004F /* HomeTableHeaderSectionView.xib */,
			);
			path = TableHeaderSectionViews;
			sourceTree = "<group>";
		};
		8BEC736326402F5B0049004F /* TableHeaderViews */ = {
			isa = PBXGroup;
			children = (
				8BEC735F26402A2C0049004F /* HomeTableHeaderView.swift */,
				8BEC736126402A300049004F /* HomeTableHeaderView.xib */,
			);
			path = TableHeaderViews;
			sourceTree = "<group>";
		};
		A1806B922380FBFC00EF7429 /* ViewControllers */ = {
			isa = PBXGroup;
			children = (
				A1C3338E23802DA900AF73BF /* HomeViewController.swift */,
				8B93B77B263FF6E400206FF9 /* AddPaidItemViewController.swift */,
				A1C333BA238072E900AF73BF /* AddPersonViewController.swift */,
				8BA834C5263F07BA0005AEC0 /* PersonsListViewController.swift */,
				8B5A5EB82635BA4E00E62180 /* BaseViewController.swift */,
				8B5A5EDB2635BD5000E62180 /* PromptPayQRCodeViewController.swift */,
			);
			path = ViewControllers;
			sourceTree = "<group>";
		};
		A1806B952380FCDC00EF7429 /* Models */ = {
			isa = PBXGroup;
			children = (
				8BE3B7602635C7A100A21497 /* PromptPay.swift */,
				8BA834BF263F022C0005AEC0 /* Person.swift */,
				8B93B779263FF5F100206FF9 /* PersonDetail.swift */,
				8B93B777263FF3BC00206FF9 /* PaidItem.swift */,
			);
			path = Models;
			sourceTree = "<group>";
		};
		A1C3337E23802DA900AF73BF = {
			isa = PBXGroup;
			children = (
				A1C3338923802DA900AF73BF /* SharePay */,
				A1C333A023802DAC00AF73BF /* SharePayTests */,
				A1C333AB23802DAC00AF73BF /* SharePayUITests */,
				A1C3338823802DA900AF73BF /* Products */,
				BE3CD7217356F56F01571AB9 /* Pods */,
				E461F430499453A289E7B21F /* Frameworks */,
			);
			sourceTree = "<group>";
		};
		A1C3338823802DA900AF73BF /* Products */ = {
			isa = PBXGroup;
			children = (
				A1C3338723802DA900AF73BF /* SharePay.app */,
				A1C3339D23802DAC00AF73BF /* SharePayTests.xctest */,
				A1C333A823802DAC00AF73BF /* SharePayUITests.xctest */,
			);
			name = Products;
			sourceTree = "<group>";
		};
		A1C3338923802DA900AF73BF /* SharePay */ = {
			isa = PBXGroup;
			children = (
				A1C3338A23802DA900AF73BF /* AppDelegate.swift */,
				A1C3339323802DAC00AF73BF /* Assets.xcassets */,
				8B5A5EEA2635C06E00E62180 /* Constants */,
				8B5A5EEE2635C07500E62180 /* Extensions */,
				A1C3339823802DAC00AF73BF /* Info.plist */,
				8BA834C8263F0A1B0005AEC0 /* Managers */,
				A1806B952380FCDC00EF7429 /* Models */,
				8B5A5EC32635BA5F00E62180 /* Storyboards */,
				A1806B922380FBFC00EF7429 /* ViewControllers */,
				8BA834C7263F0A140005AEC0 /* Views */,
			);
			path = SharePay;
			sourceTree = "<group>";
		};
		A1C333A023802DAC00AF73BF /* SharePayTests */ = {
			isa = PBXGroup;
			children = (
				A1C333A123802DAC00AF73BF /* SharePayTests.swift */,
				A1C333A323802DAC00AF73BF /* Info.plist */,
			);
			path = SharePayTests;
			sourceTree = "<group>";
		};
		A1C333AB23802DAC00AF73BF /* SharePayUITests */ = {
			isa = PBXGroup;
			children = (
				A1C333AC23802DAC00AF73BF /* SharePayUITests.swift */,
				A1C333AE23802DAC00AF73BF /* Info.plist */,
			);
			path = SharePayUITests;
			sourceTree = "<group>";
		};
		BE3CD7217356F56F01571AB9 /* Pods */ = {
			isa = PBXGroup;
			children = (
				1BB105F7A3779FF8A8619E9F /* Pods-SharePay.debug.xcconfig */,
				6CCB08E123BEE38C6D2CD817 /* Pods-SharePay.release.xcconfig */,
				67BEE3D6FCF4A8B38A08023B /* Pods-SharePay-SharePayUITests.debug.xcconfig */,
				89393F68CC1590031D7FBFFE /* Pods-SharePay-SharePayUITests.release.xcconfig */,
				8E8DECDD34D0BEC6A2E38580 /* Pods-SharePayTests.debug.xcconfig */,
				DBFB35FC1AEB0E2ED4757F71 /* Pods-SharePayTests.release.xcconfig */,
			);
			path = Pods;
			sourceTree = "<group>";
		};
		E461F430499453A289E7B21F /* Frameworks */ = {
			isa = PBXGroup;
			children = (
				49184CE1518DC0A7A9E39167 /* Pods_SharePay.framework */,
				D243591BC920726FB2821956 /* Pods_SharePay_SharePayUITests.framework */,
				2CFD1C6D13F9352B364A6073 /* Pods_SharePayTests.framework */,
			);
			name = Frameworks;
			sourceTree = "<group>";
		};
/* End PBXGroup section */

/* Begin PBXNativeTarget section */
		A1C3338623802DA900AF73BF /* SharePay */ = {
			isa = PBXNativeTarget;
			buildConfigurationList = A1C333B123802DAC00AF73BF /* Build configuration list for PBXNativeTarget "SharePay" */;
			buildPhases = (
				5944E4A17748B7B3CEE5735C /* [CP] Check Pods Manifest.lock */,
				A1C3338323802DA900AF73BF /* Sources */,
				A1C3338423802DA900AF73BF /* Frameworks */,
				A1C3338523802DA900AF73BF /* Resources */,
				FA1CDF34E8224929F9DE498C /* [CP] Embed Pods Frameworks */,
			);
			buildRules = (
			);
			dependencies = (
			);
			name = SharePay;
			productName = SharePay;
			productReference = A1C3338723802DA900AF73BF /* SharePay.app */;
			productType = "com.apple.product-type.application";
		};
		A1C3339C23802DAC00AF73BF /* SharePayTests */ = {
			isa = PBXNativeTarget;
			buildConfigurationList = A1C333B423802DAC00AF73BF /* Build configuration list for PBXNativeTarget "SharePayTests" */;
			buildPhases = (
				26FD06FB97E5362BB2E12C79 /* [CP] Check Pods Manifest.lock */,
				A1C3339923802DAC00AF73BF /* Sources */,
				A1C3339A23802DAC00AF73BF /* Frameworks */,
				A1C3339B23802DAC00AF73BF /* Resources */,
			);
			buildRules = (
			);
			dependencies = (
				A1C3339F23802DAC00AF73BF /* PBXTargetDependency */,
			);
			name = SharePayTests;
			productName = SharePayTests;
			productReference = A1C3339D23802DAC00AF73BF /* SharePayTests.xctest */;
			productType = "com.apple.product-type.bundle.unit-test";
		};
		A1C333A723802DAC00AF73BF /* SharePayUITests */ = {
			isa = PBXNativeTarget;
			buildConfigurationList = A1C333B723802DAC00AF73BF /* Build configuration list for PBXNativeTarget "SharePayUITests" */;
			buildPhases = (
				10332408CA88E0ABE7FD4D14 /* [CP] Check Pods Manifest.lock */,
				A1C333A423802DAC00AF73BF /* Sources */,
				A1C333A523802DAC00AF73BF /* Frameworks */,
				A1C333A623802DAC00AF73BF /* Resources */,
				D4FCEF94473B26BFB908463F /* [CP] Embed Pods Frameworks */,
			);
			buildRules = (
			);
			dependencies = (
				A1C333AA23802DAC00AF73BF /* PBXTargetDependency */,
			);
			name = SharePayUITests;
			productName = SharePayUITests;
			productReference = A1C333A823802DAC00AF73BF /* SharePayUITests.xctest */;
			productType = "com.apple.product-type.bundle.ui-testing";
		};
/* End PBXNativeTarget section */

/* Begin PBXProject section */
		A1C3337F23802DA900AF73BF /* Project object */ = {
			isa = PBXProject;
			attributes = {
				LastSwiftUpdateCheck = 1120;
				LastUpgradeCheck = 1120;
				ORGANIZATIONNAME = knttx;
				TargetAttributes = {
					A1C3338623802DA900AF73BF = {
						CreatedOnToolsVersion = 11.2.1;
					};
					A1C3339C23802DAC00AF73BF = {
						CreatedOnToolsVersion = 11.2.1;
						TestTargetID = A1C3338623802DA900AF73BF;
					};
					A1C333A723802DAC00AF73BF = {
						CreatedOnToolsVersion = 11.2.1;
						TestTargetID = A1C3338623802DA900AF73BF;
					};
				};
			};
			buildConfigurationList = A1C3338223802DA900AF73BF /* Build configuration list for PBXProject "SharePay" */;
			compatibilityVersion = "Xcode 9.3";
			developmentRegion = en;
			hasScannedForEncodings = 0;
			knownRegions = (
				en,
				Base,
			);
			mainGroup = A1C3337E23802DA900AF73BF;
			productRefGroup = A1C3338823802DA900AF73BF /* Products */;
			projectDirPath = "";
			projectRoot = "";
			targets = (
				A1C3338623802DA900AF73BF /* SharePay */,
				A1C3339C23802DAC00AF73BF /* SharePayTests */,
				A1C333A723802DAC00AF73BF /* SharePayUITests */,
			);
		};
/* End PBXProject section */

/* Begin PBXResourcesBuildPhase section */
		A1C3338523802DA900AF73BF /* Resources */ = {
			isa = PBXResourcesBuildPhase;
			buildActionMask = 2147483647;
			files = (
				8BEC7367264030540049004F /* PaidItemTableViewCell.xib in Resources */,
				A1C3339723802DAC00AF73BF /* LaunchScreen.storyboard in Resources */,
				A1C3339423802DAC00AF73BF /* Assets.xcassets in Resources */,
				8BA834CE263F0ADF0005AEC0 /* PersonsListTableViewCell.xib in Resources */,
				A1C3339223802DA900AF73BF /* Main.storyboard in Resources */,
				8BEC735D26401C040049004F /* HomeTableHeaderSectionView.xib in Resources */,
				8BEC736226402A300049004F /* HomeTableHeaderView.xib in Resources */,
			);
			runOnlyForDeploymentPostprocessing = 0;
		};
		A1C3339B23802DAC00AF73BF /* Resources */ = {
			isa = PBXResourcesBuildPhase;
			buildActionMask = 2147483647;
			files = (
			);
			runOnlyForDeploymentPostprocessing = 0;
		};
		A1C333A623802DAC00AF73BF /* Resources */ = {
			isa = PBXResourcesBuildPhase;
			buildActionMask = 2147483647;
			files = (
			);
			runOnlyForDeploymentPostprocessing = 0;
		};
/* End PBXResourcesBuildPhase section */

/* Begin PBXShellScriptBuildPhase section */
		10332408CA88E0ABE7FD4D14 /* [CP] Check Pods Manifest.lock */ = {
			isa = PBXShellScriptBuildPhase;
			buildActionMask = 2147483647;
			files = (
			);
			inputFileListPaths = (
			);
			inputPaths = (
				"${PODS_PODFILE_DIR_PATH}/Podfile.lock",
				"${PODS_ROOT}/Manifest.lock",
			);
			name = "[CP] Check Pods Manifest.lock";
			outputFileListPaths = (
			);
			outputPaths = (
				"$(DERIVED_FILE_DIR)/Pods-SharePay-SharePayUITests-checkManifestLockResult.txt",
			);
			runOnlyForDeploymentPostprocessing = 0;
			shellPath = /bin/sh;
			shellScript = "diff \"${PODS_PODFILE_DIR_PATH}/Podfile.lock\" \"${PODS_ROOT}/Manifest.lock\" > /dev/null\nif [ $? != 0 ] ; then\n    # print error to STDERR\n    echo \"error: The sandbox is not in sync with the Podfile.lock. Run 'pod install' or update your CocoaPods installation.\" >&2\n    exit 1\nfi\n# This output is used by Xcode 'outputs' to avoid re-running this script phase.\necho \"SUCCESS\" > \"${SCRIPT_OUTPUT_FILE_0}\"\n";
			showEnvVarsInLog = 0;
		};
		26FD06FB97E5362BB2E12C79 /* [CP] Check Pods Manifest.lock */ = {
			isa = PBXShellScriptBuildPhase;
			buildActionMask = 2147483647;
			files = (
			);
			inputFileListPaths = (
			);
			inputPaths = (
				"${PODS_PODFILE_DIR_PATH}/Podfile.lock",
				"${PODS_ROOT}/Manifest.lock",
			);
			name = "[CP] Check Pods Manifest.lock";
			outputFileListPaths = (
			);
			outputPaths = (
				"$(DERIVED_FILE_DIR)/Pods-SharePayTests-checkManifestLockResult.txt",
			);
			runOnlyForDeploymentPostprocessing = 0;
			shellPath = /bin/sh;
			shellScript = "diff \"${PODS_PODFILE_DIR_PATH}/Podfile.lock\" \"${PODS_ROOT}/Manifest.lock\" > /dev/null\nif [ $? != 0 ] ; then\n    # print error to STDERR\n    echo \"error: The sandbox is not in sync with the Podfile.lock. Run 'pod install' or update your CocoaPods installation.\" >&2\n    exit 1\nfi\n# This output is used by Xcode 'outputs' to avoid re-running this script phase.\necho \"SUCCESS\" > \"${SCRIPT_OUTPUT_FILE_0}\"\n";
			showEnvVarsInLog = 0;
		};
		5944E4A17748B7B3CEE5735C /* [CP] Check Pods Manifest.lock */ = {
			isa = PBXShellScriptBuildPhase;
			buildActionMask = 2147483647;
			files = (
			);
			inputFileListPaths = (
			);
			inputPaths = (
				"${PODS_PODFILE_DIR_PATH}/Podfile.lock",
				"${PODS_ROOT}/Manifest.lock",
			);
			name = "[CP] Check Pods Manifest.lock";
			outputFileListPaths = (
			);
			outputPaths = (
				"$(DERIVED_FILE_DIR)/Pods-SharePay-checkManifestLockResult.txt",
			);
			runOnlyForDeploymentPostprocessing = 0;
			shellPath = /bin/sh;
			shellScript = "diff \"${PODS_PODFILE_DIR_PATH}/Podfile.lock\" \"${PODS_ROOT}/Manifest.lock\" > /dev/null\nif [ $? != 0 ] ; then\n    # print error to STDERR\n    echo \"error: The sandbox is not in sync with the Podfile.lock. Run 'pod install' or update your CocoaPods installation.\" >&2\n    exit 1\nfi\n# This output is used by Xcode 'outputs' to avoid re-running this script phase.\necho \"SUCCESS\" > \"${SCRIPT_OUTPUT_FILE_0}\"\n";
			showEnvVarsInLog = 0;
		};
		D4FCEF94473B26BFB908463F /* [CP] Embed Pods Frameworks */ = {
			isa = PBXShellScriptBuildPhase;
			buildActionMask = 2147483647;
			files = (
			);
			inputFileListPaths = (
				"${PODS_ROOT}/Target Support Files/Pods-SharePay-SharePayUITests/Pods-SharePay-SharePayUITests-frameworks-${CONFIGURATION}-input-files.xcfilelist",
			);
			name = "[CP] Embed Pods Frameworks";
			outputFileListPaths = (
				"${PODS_ROOT}/Target Support Files/Pods-SharePay-SharePayUITests/Pods-SharePay-SharePayUITests-frameworks-${CONFIGURATION}-output-files.xcfilelist",
			);
			runOnlyForDeploymentPostprocessing = 0;
			shellPath = /bin/sh;
			shellScript = "\"${PODS_ROOT}/Target Support Files/Pods-SharePay-SharePayUITests/Pods-SharePay-SharePayUITests-frameworks.sh\"\n";
			showEnvVarsInLog = 0;
		};
		FA1CDF34E8224929F9DE498C /* [CP] Embed Pods Frameworks */ = {
			isa = PBXShellScriptBuildPhase;
			buildActionMask = 2147483647;
			files = (
			);
			inputFileListPaths = (
				"${PODS_ROOT}/Target Support Files/Pods-SharePay/Pods-SharePay-frameworks-${CONFIGURATION}-input-files.xcfilelist",
			);
			name = "[CP] Embed Pods Frameworks";
			outputFileListPaths = (
				"${PODS_ROOT}/Target Support Files/Pods-SharePay/Pods-SharePay-frameworks-${CONFIGURATION}-output-files.xcfilelist",
			);
			runOnlyForDeploymentPostprocessing = 0;
			shellPath = /bin/sh;
			shellScript = "\"${PODS_ROOT}/Target Support Files/Pods-SharePay/Pods-SharePay-frameworks.sh\"\n";
			showEnvVarsInLog = 0;
		};
/* End PBXShellScriptBuildPhase section */

/* Begin PBXSourcesBuildPhase section */
		A1C3338323802DA900AF73BF /* Sources */ = {
			isa = PBXSourcesBuildPhase;
			buildActionMask = 2147483647;
			files = (
				8B5A5EE12635C01600E62180 /* UIViewController.swift in Sources */,
				8B93B77C263FF6E400206FF9 /* AddPaidItemViewController.swift in Sources */,
				8BEC735B26401BFE0049004F /* HomeTableHeaderSectionView.swift in Sources */,
				8B93B776263FDF0D00206FF9 /* Array.swift in Sources */,
				8BA834C6263F07BA0005AEC0 /* PersonsListViewController.swift in Sources */,
				8B93B772263FA66200206FF9 /* UserDataManager.swift in Sources */,
				8BA834CD263F0ADF0005AEC0 /* PersonsListTableViewCell.swift in Sources */,
				8B93B77A263FF5F100206FF9 /* PersonDetail.swift in Sources */,
				8B93B778263FF3BC00206FF9 /* PaidItem.swift in Sources */,
				8B5A5F042635C29C00E62180 /* String.swift in Sources */,
				8B5A5EDC2635BD5000E62180 /* PromptPayQRCodeViewController.swift in Sources */,
				8B93B774263FC58500206FF9 /* UIAlertController.swift in Sources */,
				8BEC736026402A2C0049004F /* HomeTableHeaderView.swift in Sources */,
				8B5A5EB92635BA4E00E62180 /* BaseViewController.swift in Sources */,
				A1C333BB238072E900AF73BF /* AddPersonViewController.swift in Sources */,
				8B5A5EE62635C04E00E62180 /* Storyboard.swift in Sources */,
				8BEC7366264030540049004F /* PaidItemTableViewCell.swift in Sources */,
				8BA834C0263F022C0005AEC0 /* Person.swift in Sources */,
				8BE3B7612635C7A100A21497 /* PromptPay.swift in Sources */,
				A1C3338F23802DA900AF73BF /* HomeViewController.swift in Sources */,
				8BA834D1263F0BEF0005AEC0 /* UITableView.swift in Sources */,
				8B5A5EFF2635C25500E62180 /* UIImageView.swift in Sources */,
				A1C3338B23802DA900AF73BF /* AppDelegate.swift in Sources */,
				8BA834C4263F06130005AEC0 /* Keys.swift in Sources */,
				8B5A5EF72635C0D700E62180 /* UIView.swift in Sources */,
				8BA834C2263F04A40005AEC0 /* SessionManager.swift in Sources */,
			);
			runOnlyForDeploymentPostprocessing = 0;
		};
		A1C3339923802DAC00AF73BF /* Sources */ = {
			isa = PBXSourcesBuildPhase;
			buildActionMask = 2147483647;
			files = (
				A1C333A223802DAC00AF73BF /* SharePayTests.swift in Sources */,
			);
			runOnlyForDeploymentPostprocessing = 0;
		};
		A1C333A423802DAC00AF73BF /* Sources */ = {
			isa = PBXSourcesBuildPhase;
			buildActionMask = 2147483647;
			files = (
				A1C333AD23802DAC00AF73BF /* SharePayUITests.swift in Sources */,
			);
			runOnlyForDeploymentPostprocessing = 0;
		};
/* End PBXSourcesBuildPhase section */

/* Begin PBXTargetDependency section */
		A1C3339F23802DAC00AF73BF /* PBXTargetDependency */ = {
			isa = PBXTargetDependency;
			target = A1C3338623802DA900AF73BF /* SharePay */;
			targetProxy = A1C3339E23802DAC00AF73BF /* PBXContainerItemProxy */;
		};
		A1C333AA23802DAC00AF73BF /* PBXTargetDependency */ = {
			isa = PBXTargetDependency;
			target = A1C3338623802DA900AF73BF /* SharePay */;
			targetProxy = A1C333A923802DAC00AF73BF /* PBXContainerItemProxy */;
		};
/* End PBXTargetDependency section */

/* Begin PBXVariantGroup section */
		A1C3339023802DA900AF73BF /* Main.storyboard */ = {
			isa = PBXVariantGroup;
			children = (
				A1C3339123802DA900AF73BF /* Base */,
			);
			name = Main.storyboard;
			sourceTree = "<group>";
		};
		A1C3339523802DAC00AF73BF /* LaunchScreen.storyboard */ = {
			isa = PBXVariantGroup;
			children = (
				A1C3339623802DAC00AF73BF /* Base */,
			);
			name = LaunchScreen.storyboard;
			sourceTree = "<group>";
		};
/* End PBXVariantGroup section */

/* Begin XCBuildConfiguration section */
		A1C333AF23802DAC00AF73BF /* Debug */ = {
			isa = XCBuildConfiguration;
			buildSettings = {
				ALWAYS_EMBED_SWIFT_STANDARD_LIBRARIES = "$(inherited)";
				ALWAYS_SEARCH_USER_PATHS = NO;
				CLANG_ANALYZER_NONNULL = YES;
				CLANG_ANALYZER_NUMBER_OBJECT_CONVERSION = YES_AGGRESSIVE;
				CLANG_CXX_LANGUAGE_STANDARD = "gnu++14";
				CLANG_CXX_LIBRARY = "libc++";
				CLANG_ENABLE_MODULES = YES;
				CLANG_ENABLE_OBJC_ARC = YES;
				CLANG_ENABLE_OBJC_WEAK = YES;
				CLANG_WARN_BLOCK_CAPTURE_AUTORELEASING = YES;
				CLANG_WARN_BOOL_CONVERSION = YES;
				CLANG_WARN_COMMA = YES;
				CLANG_WARN_CONSTANT_CONVERSION = YES;
				CLANG_WARN_DEPRECATED_OBJC_IMPLEMENTATIONS = YES;
				CLANG_WARN_DIRECT_OBJC_ISA_USAGE = YES_ERROR;
				CLANG_WARN_DOCUMENTATION_COMMENTS = YES;
				CLANG_WARN_EMPTY_BODY = YES;
				CLANG_WARN_ENUM_CONVERSION = YES;
				CLANG_WARN_INFINITE_RECURSION = YES;
				CLANG_WARN_INT_CONVERSION = YES;
				CLANG_WARN_NON_LITERAL_NULL_CONVERSION = YES;
				CLANG_WARN_OBJC_IMPLICIT_RETAIN_SELF = YES;
				CLANG_WARN_OBJC_LITERAL_CONVERSION = YES;
				CLANG_WARN_OBJC_ROOT_CLASS = YES_ERROR;
				CLANG_WARN_RANGE_LOOP_ANALYSIS = YES;
				CLANG_WARN_STRICT_PROTOTYPES = YES;
				CLANG_WARN_SUSPICIOUS_MOVE = YES;
				CLANG_WARN_UNGUARDED_AVAILABILITY = YES_AGGRESSIVE;
				CLANG_WARN_UNREACHABLE_CODE = YES;
				CLANG_WARN__DUPLICATE_METHOD_MATCH = YES;
				COPY_PHASE_STRIP = NO;
				DEBUG_INFORMATION_FORMAT = dwarf;
				ENABLE_STRICT_OBJC_MSGSEND = YES;
				ENABLE_TESTABILITY = YES;
				GCC_C_LANGUAGE_STANDARD = gnu11;
				GCC_DYNAMIC_NO_PIC = NO;
				GCC_NO_COMMON_BLOCKS = YES;
				GCC_OPTIMIZATION_LEVEL = 0;
				GCC_PREPROCESSOR_DEFINITIONS = (
					"DEBUG=1",
					"$(inherited)",
				);
				GCC_WARN_64_TO_32_BIT_CONVERSION = YES;
				GCC_WARN_ABOUT_RETURN_TYPE = YES_ERROR;
				GCC_WARN_UNDECLARED_SELECTOR = YES;
				GCC_WARN_UNINITIALIZED_AUTOS = YES_AGGRESSIVE;
				GCC_WARN_UNUSED_FUNCTION = YES;
				GCC_WARN_UNUSED_VARIABLE = YES;
				IPHONEOS_DEPLOYMENT_TARGET = 13.2;
				MTL_ENABLE_DEBUG_INFO = INCLUDE_SOURCE;
				MTL_FAST_MATH = YES;
				ONLY_ACTIVE_ARCH = YES;
				SDKROOT = iphoneos;
				SWIFT_ACTIVE_COMPILATION_CONDITIONS = DEBUG;
				SWIFT_OPTIMIZATION_LEVEL = "-Onone";
			};
			name = Debug;
		};
		A1C333B023802DAC00AF73BF /* Release */ = {
			isa = XCBuildConfiguration;
			buildSettings = {
				ALWAYS_EMBED_SWIFT_STANDARD_LIBRARIES = "$(inherited)";
				ALWAYS_SEARCH_USER_PATHS = NO;
				CLANG_ANALYZER_NONNULL = YES;
				CLANG_ANALYZER_NUMBER_OBJECT_CONVERSION = YES_AGGRESSIVE;
				CLANG_CXX_LANGUAGE_STANDARD = "gnu++14";
				CLANG_CXX_LIBRARY = "libc++";
				CLANG_ENABLE_MODULES = YES;
				CLANG_ENABLE_OBJC_ARC = YES;
				CLANG_ENABLE_OBJC_WEAK = YES;
				CLANG_WARN_BLOCK_CAPTURE_AUTORELEASING = YES;
				CLANG_WARN_BOOL_CONVERSION = YES;
				CLANG_WARN_COMMA = YES;
				CLANG_WARN_CONSTANT_CONVERSION = YES;
				CLANG_WARN_DEPRECATED_OBJC_IMPLEMENTATIONS = YES;
				CLANG_WARN_DIRECT_OBJC_ISA_USAGE = YES_ERROR;
				CLANG_WARN_DOCUMENTATION_COMMENTS = YES;
				CLANG_WARN_EMPTY_BODY = YES;
				CLANG_WARN_ENUM_CONVERSION = YES;
				CLANG_WARN_INFINITE_RECURSION = YES;
				CLANG_WARN_INT_CONVERSION = YES;
				CLANG_WARN_NON_LITERAL_NULL_CONVERSION = YES;
				CLANG_WARN_OBJC_IMPLICIT_RETAIN_SELF = YES;
				CLANG_WARN_OBJC_LITERAL_CONVERSION = YES;
				CLANG_WARN_OBJC_ROOT_CLASS = YES_ERROR;
				CLANG_WARN_RANGE_LOOP_ANALYSIS = YES;
				CLANG_WARN_STRICT_PROTOTYPES = YES;
				CLANG_WARN_SUSPICIOUS_MOVE = YES;
				CLANG_WARN_UNGUARDED_AVAILABILITY = YES_AGGRESSIVE;
				CLANG_WARN_UNREACHABLE_CODE = YES;
				CLANG_WARN__DUPLICATE_METHOD_MATCH = YES;
				COPY_PHASE_STRIP = NO;
				DEBUG_INFORMATION_FORMAT = "dwarf-with-dsym";
				ENABLE_NS_ASSERTIONS = NO;
				ENABLE_STRICT_OBJC_MSGSEND = YES;
				GCC_C_LANGUAGE_STANDARD = gnu11;
				GCC_NO_COMMON_BLOCKS = YES;
				GCC_WARN_64_TO_32_BIT_CONVERSION = YES;
				GCC_WARN_ABOUT_RETURN_TYPE = YES_ERROR;
				GCC_WARN_UNDECLARED_SELECTOR = YES;
				GCC_WARN_UNINITIALIZED_AUTOS = YES_AGGRESSIVE;
				GCC_WARN_UNUSED_FUNCTION = YES;
				GCC_WARN_UNUSED_VARIABLE = YES;
				IPHONEOS_DEPLOYMENT_TARGET = 13.2;
				MTL_ENABLE_DEBUG_INFO = NO;
				MTL_FAST_MATH = YES;
				SDKROOT = iphoneos;
				SWIFT_COMPILATION_MODE = wholemodule;
				SWIFT_OPTIMIZATION_LEVEL = "-O";
				VALIDATE_PRODUCT = YES;
			};
			name = Release;
		};
		A1C333B223802DAC00AF73BF /* Debug */ = {
			isa = XCBuildConfiguration;
			baseConfigurationReference = 1BB105F7A3779FF8A8619E9F /* Pods-SharePay.debug.xcconfig */;
			buildSettings = {
				ASSETCATALOG_COMPILER_APPICON_NAME = AppIcon;
				CODE_SIGN_STYLE = Automatic;
				INFOPLIST_FILE = SharePay/Info.plist;
				IPHONEOS_DEPLOYMENT_TARGET = 13.0;
				LD_RUNPATH_SEARCH_PATHS = (
					"$(inherited)",
					"@executable_path/Frameworks",
				);
				PRODUCT_BUNDLE_IDENTIFIER = com.knttx.SharePay;
				PRODUCT_NAME = "$(TARGET_NAME)";
				SWIFT_VERSION = 5.0;
				TARGETED_DEVICE_FAMILY = "1,2";
			};
			name = Debug;
		};
		A1C333B323802DAC00AF73BF /* Release */ = {
			isa = XCBuildConfiguration;
			baseConfigurationReference = 6CCB08E123BEE38C6D2CD817 /* Pods-SharePay.release.xcconfig */;
			buildSettings = {
				ASSETCATALOG_COMPILER_APPICON_NAME = AppIcon;
				CODE_SIGN_STYLE = Automatic;
				INFOPLIST_FILE = SharePay/Info.plist;
				IPHONEOS_DEPLOYMENT_TARGET = 13.0;
				LD_RUNPATH_SEARCH_PATHS = (
					"$(inherited)",
					"@executable_path/Frameworks",
				);
				PRODUCT_BUNDLE_IDENTIFIER = com.knttx.SharePay;
				PRODUCT_NAME = "$(TARGET_NAME)";
				SWIFT_VERSION = 5.0;
				TARGETED_DEVICE_FAMILY = "1,2";
			};
			name = Release;
		};
		A1C333B523802DAC00AF73BF /* Debug */ = {
			isa = XCBuildConfiguration;
			baseConfigurationReference = 8E8DECDD34D0BEC6A2E38580 /* Pods-SharePayTests.debug.xcconfig */;
			buildSettings = {
				ALWAYS_EMBED_SWIFT_STANDARD_LIBRARIES = "$(inherited)";
				BUNDLE_LOADER = "$(TEST_HOST)";
				CODE_SIGN_STYLE = Automatic;
				INFOPLIST_FILE = SharePayTests/Info.plist;
				IPHONEOS_DEPLOYMENT_TARGET = 13.2;
				LD_RUNPATH_SEARCH_PATHS = (
					"$(inherited)",
					"@executable_path/Frameworks",
					"@loader_path/Frameworks",
				);
				PRODUCT_BUNDLE_IDENTIFIER = com.knttx.SharePayTests;
				PRODUCT_NAME = "$(TARGET_NAME)";
				SWIFT_VERSION = 5.0;
				TARGETED_DEVICE_FAMILY = "1,2";
				TEST_HOST = "$(BUILT_PRODUCTS_DIR)/SharePay.app/SharePay";
			};
			name = Debug;
		};
		A1C333B623802DAC00AF73BF /* Release */ = {
			isa = XCBuildConfiguration;
			baseConfigurationReference = DBFB35FC1AEB0E2ED4757F71 /* Pods-SharePayTests.release.xcconfig */;
			buildSettings = {
				ALWAYS_EMBED_SWIFT_STANDARD_LIBRARIES = "$(inherited)";
				BUNDLE_LOADER = "$(TEST_HOST)";
				CODE_SIGN_STYLE = Automatic;
				INFOPLIST_FILE = SharePayTests/Info.plist;
				IPHONEOS_DEPLOYMENT_TARGET = 13.2;
				LD_RUNPATH_SEARCH_PATHS = (
					"$(inherited)",
					"@executable_path/Frameworks",
					"@loader_path/Frameworks",
				);
				PRODUCT_BUNDLE_IDENTIFIER = com.knttx.SharePayTests;
				PRODUCT_NAME = "$(TARGET_NAME)";
				SWIFT_VERSION = 5.0;
				TARGETED_DEVICE_FAMILY = "1,2";
				TEST_HOST = "$(BUILT_PRODUCTS_DIR)/SharePay.app/SharePay";
			};
			name = Release;
		};
		A1C333B823802DAC00AF73BF /* Debug */ = {
			isa = XCBuildConfiguration;
			baseConfigurationReference = 67BEE3D6FCF4A8B38A08023B /* Pods-SharePay-SharePayUITests.debug.xcconfig */;
			buildSettings = {
				ALWAYS_EMBED_SWIFT_STANDARD_LIBRARIES = "$(inherited)";
				CODE_SIGN_STYLE = Automatic;
				INFOPLIST_FILE = SharePayUITests/Info.plist;
				LD_RUNPATH_SEARCH_PATHS = (
					"$(inherited)",
					"@executable_path/Frameworks",
					"@loader_path/Frameworks",
				);
				PRODUCT_BUNDLE_IDENTIFIER = com.knttx.SharePayUITests;
				PRODUCT_NAME = "$(TARGET_NAME)";
				SWIFT_VERSION = 5.0;
				TARGETED_DEVICE_FAMILY = "1,2";
				TEST_TARGET_NAME = SharePay;
			};
			name = Debug;
		};
		A1C333B923802DAC00AF73BF /* Release */ = {
			isa = XCBuildConfiguration;
			baseConfigurationReference = 89393F68CC1590031D7FBFFE /* Pods-SharePay-SharePayUITests.release.xcconfig */;
			buildSettings = {
				ALWAYS_EMBED_SWIFT_STANDARD_LIBRARIES = "$(inherited)";
				CODE_SIGN_STYLE = Automatic;
				INFOPLIST_FILE = SharePayUITests/Info.plist;
				LD_RUNPATH_SEARCH_PATHS = (
					"$(inherited)",
					"@executable_path/Frameworks",
					"@loader_path/Frameworks",
				);
				PRODUCT_BUNDLE_IDENTIFIER = com.knttx.SharePayUITests;
				PRODUCT_NAME = "$(TARGET_NAME)";
				SWIFT_VERSION = 5.0;
				TARGETED_DEVICE_FAMILY = "1,2";
				TEST_TARGET_NAME = SharePay;
			};
			name = Release;
		};
/* End XCBuildConfiguration section */

/* Begin XCConfigurationList section */
		A1C3338223802DA900AF73BF /* Build configuration list for PBXProject "SharePay" */ = {
			isa = XCConfigurationList;
			buildConfigurations = (
				A1C333AF23802DAC00AF73BF /* Debug */,
				A1C333B023802DAC00AF73BF /* Release */,
			);
			defaultConfigurationIsVisible = 0;
			defaultConfigurationName = Release;
		};
		A1C333B123802DAC00AF73BF /* Build configuration list for PBXNativeTarget "SharePay" */ = {
			isa = XCConfigurationList;
			buildConfigurations = (
				A1C333B223802DAC00AF73BF /* Debug */,
				A1C333B323802DAC00AF73BF /* Release */,
			);
			defaultConfigurationIsVisible = 0;
			defaultConfigurationName = Release;
		};
		A1C333B423802DAC00AF73BF /* Build configuration list for PBXNativeTarget "SharePayTests" */ = {
			isa = XCConfigurationList;
			buildConfigurations = (
				A1C333B523802DAC00AF73BF /* Debug */,
				A1C333B623802DAC00AF73BF /* Release */,
			);
			defaultConfigurationIsVisible = 0;
			defaultConfigurationName = Release;
		};
		A1C333B723802DAC00AF73BF /* Build configuration list for PBXNativeTarget "SharePayUITests" */ = {
			isa = XCConfigurationList;
			buildConfigurations = (
				A1C333B823802DAC00AF73BF /* Debug */,
				A1C333B923802DAC00AF73BF /* Release */,
			);
			defaultConfigurationIsVisible = 0;
			defaultConfigurationName = Release;
		};
/* End XCConfigurationList section */
	};
	rootObject = A1C3337F23802DA900AF73BF /* Project object */;
}
